// !$*UTF8*$!
{
	archiveVersion = 1;
	classes = {
	};
	objectVersion = 46;
	objects = {

/* Begin PBXBuildFile section */
		3E52AC2615F3E03100A860C2 /* UIKit.framework in Frameworks */ = {isa = PBXBuildFile; fileRef = 3E52AC2515F3E03100A860C2 /* UIKit.framework */; };
		3E52AC2815F3E03100A860C2 /* Foundation.framework in Frameworks */ = {isa = PBXBuildFile; fileRef = 3E52AC2715F3E03100A860C2 /* Foundation.framework */; };
		3E52AC2A15F3E03100A860C2 /* CoreGraphics.framework in Frameworks */ = {isa = PBXBuildFile; fileRef = 3E52AC2915F3E03100A860C2 /* CoreGraphics.framework */; };
		3E52AC3015F3E03100A860C2 /* InfoPlist.strings in Resources */ = {isa = PBXBuildFile; fileRef = 3E52AC2E15F3E03100A860C2 /* InfoPlist.strings */; };
		3E52AC3215F3E03100A860C2 /* main.m in Sources */ = {isa = PBXBuildFile; fileRef = 3E52AC3115F3E03100A860C2 /* main.m */; };
		3E52AC3615F3E03100A860C2 /* QAppDelegate.m in Sources */ = {isa = PBXBuildFile; fileRef = 3E52AC3515F3E03100A860C2 /* QAppDelegate.m */; };
		3E52AC3915F3E03100A860C2 /* MainStoryboard.storyboard in Resources */ = {isa = PBXBuildFile; fileRef = 3E52AC3715F3E03100A860C2 /* MainStoryboard.storyboard */; };
		3E52AC3C15F3E03100A860C2 /* QViewController.m in Sources */ = {isa = PBXBuildFile; fileRef = 3E52AC3B15F3E03100A860C2 /* QViewController.m */; };
		3E52AC5215F3EEA000A860C2 /* QMainTabBarController.m in Sources */ = {isa = PBXBuildFile; fileRef = 3E52AC5115F3EEA000A860C2 /* QMainTabBarController.m */; };
		3E52AC5615F3EF7A00A860C2 /* QScanViewController.m in Sources */ = {isa = PBXBuildFile; fileRef = 3E52AC5515F3EF7A00A860C2 /* QScanViewController.m */; };
		3E52AC5A15F3F28D00A860C2 /* QTakeScanViewController.m in Sources */ = {isa = PBXBuildFile; fileRef = 3E52AC5815F3F28D00A860C2 /* QTakeScanViewController.m */; };
		3E52AC5B15F3F28D00A860C2 /* QTakeScanViewController.xib in Resources */ = {isa = PBXBuildFile; fileRef = 3E52AC5915F3F28D00A860C2 /* QTakeScanViewController.xib */; };
		3E52AC5E15F3F36400A860C2 /* QPhotoFrame.m in Sources */ = {isa = PBXBuildFile; fileRef = 3E52AC5D15F3F36300A860C2 /* QPhotoFrame.m */; };
		3E52AC6015F4079700A860C2 /* CoreMedia.framework in Frameworks */ = {isa = PBXBuildFile; fileRef = 3E52AC5F15F4079600A860C2 /* CoreMedia.framework */; };
		3E52AC6215F407A300A860C2 /* CoreVideo.framework in Frameworks */ = {isa = PBXBuildFile; fileRef = 3E52AC6115F407A300A860C2 /* CoreVideo.framework */; };
		3E52AC6415F407AD00A860C2 /* AVFoundation.framework in Frameworks */ = {isa = PBXBuildFile; fileRef = 3E52AC6315F407AD00A860C2 /* AVFoundation.framework */; };
		3EFF97C515F76D8500CF0B05 /* QFrameButton.m in Sources */ = {isa = PBXBuildFile; fileRef = 3EFF97C415F76D8500CF0B05 /* QFrameButton.m */; };
		3EFF97DC15F79EE900CF0B05 /* CFNetwork.framework in Frameworks */ = {isa = PBXBuildFile; fileRef = 3EFF97DB15F79EE900CF0B05 /* CFNetwork.framework */; };
		3EFF97DF15F79EF300CF0B05 /* CoreData.framework in Frameworks */ = {isa = PBXBuildFile; fileRef = 3EFF97DE15F79EF300CF0B05 /* CoreData.framework */; };
		3EFF97E115F79EFB00CF0B05 /* libxml2.dylib in Frameworks */ = {isa = PBXBuildFile; fileRef = 3EFF97E015F79EFB00CF0B05 /* libxml2.dylib */; };
		3EFF97E315F79F0400CF0B05 /* MobileCoreServices.framework in Frameworks */ = {isa = PBXBuildFile; fileRef = 3EFF97E215F79F0400CF0B05 /* MobileCoreServices.framework */; };
		3EFF97E515F79F1900CF0B05 /* QuartzCore.framework in Frameworks */ = {isa = PBXBuildFile; fileRef = 3EFF97E415F79F1900CF0B05 /* QuartzCore.framework */; };
		3EFF97E715F79F2200CF0B05 /* SystemConfiguration.framework in Frameworks */ = {isa = PBXBuildFile; fileRef = 3EFF97E615F79F2200CF0B05 /* SystemConfiguration.framework */; };
		3EFF97E915F79F2D00CF0B05 /* Security.framework in Frameworks */ = {isa = PBXBuildFile; fileRef = 3EFF97E815F79F2D00CF0B05 /* Security.framework */; };
		3EFF97ED15F7A01B00CF0B05 /* QRequest.m in Sources */ = {isa = PBXBuildFile; fileRef = 3EFF97EC15F7A01B00CF0B05 /* QRequest.m */; };
		3EFF97F715F7C15B00CF0B05 /* 33.png in Resources */ = {isa = PBXBuildFile; fileRef = 3EFF97F615F7C15B00CF0B05 /* 33.png */; };
		93E2F9A1F68049FB8E0E2FB4 /* libPods.a in Frameworks */ = {isa = PBXBuildFile; fileRef = EAB8C5E8520B44BCB556AC3E /* libPods.a */; };
/* End PBXBuildFile section */

/* Begin PBXFileReference section */
		3E52AC2115F3E03100A860C2 /* Medicus.app */ = {isa = PBXFileReference; explicitFileType = wrapper.application; includeInIndex = 0; path = Medicus.app; sourceTree = BUILT_PRODUCTS_DIR; };
		3E52AC2515F3E03100A860C2 /* UIKit.framework */ = {isa = PBXFileReference; includeInIndex = 1; lastKnownFileType = wrapper.framework; name = UIKit.framework; path = System/Library/Frameworks/UIKit.framework; sourceTree = SDKROOT; };
		3E52AC2715F3E03100A860C2 /* Foundation.framework */ = {isa = PBXFileReference; includeInIndex = 1; lastKnownFileType = wrapper.framework; name = Foundation.framework; path = System/Library/Frameworks/Foundation.framework; sourceTree = SDKROOT; };
		3E52AC2915F3E03100A860C2 /* CoreGraphics.framework */ = {isa = PBXFileReference; includeInIndex = 1; lastKnownFileType = wrapper.framework; name = CoreGraphics.framework; path = System/Library/Frameworks/CoreGraphics.framework; sourceTree = SDKROOT; };
		3E52AC2D15F3E03100A860C2 /* Medicus-Info.plist */ = {isa = PBXFileReference; lastKnownFileType = text.plist.xml; path = "Medicus-Info.plist"; sourceTree = "<group>"; };
		3E52AC2F15F3E03100A860C2 /* en */ = {isa = PBXFileReference; lastKnownFileType = text.plist.strings; name = en; path = en.lproj/InfoPlist.strings; sourceTree = "<group>"; };
		3E52AC3115F3E03100A860C2 /* main.m */ = {isa = PBXFileReference; lastKnownFileType = sourcecode.c.objc; path = main.m; sourceTree = "<group>"; };
		3E52AC3315F3E03100A860C2 /* Medicus-Prefix.pch */ = {isa = PBXFileReference; lastKnownFileType = sourcecode.c.h; path = "Medicus-Prefix.pch"; sourceTree = "<group>"; };
		3E52AC3415F3E03100A860C2 /* QAppDelegate.h */ = {isa = PBXFileReference; lastKnownFileType = sourcecode.c.h; path = QAppDelegate.h; sourceTree = "<group>"; };
		3E52AC3515F3E03100A860C2 /* QAppDelegate.m */ = {isa = PBXFileReference; lastKnownFileType = sourcecode.c.objc; path = QAppDelegate.m; sourceTree = "<group>"; };
		3E52AC3815F3E03100A860C2 /* en */ = {isa = PBXFileReference; lastKnownFileType = file.storyboard; name = en; path = en.lproj/MainStoryboard.storyboard; sourceTree = "<group>"; };
		3E52AC3A15F3E03100A860C2 /* QViewController.h */ = {isa = PBXFileReference; lastKnownFileType = sourcecode.c.h; path = QViewController.h; sourceTree = "<group>"; };
		3E52AC3B15F3E03100A860C2 /* QViewController.m */ = {isa = PBXFileReference; lastKnownFileType = sourcecode.c.objc; path = QViewController.m; sourceTree = "<group>"; };
		3E52AC5015F3EEA000A860C2 /* QMainTabBarController.h */ = {isa = PBXFileReference; fileEncoding = 4; lastKnownFileType = sourcecode.c.h; path = QMainTabBarController.h; sourceTree = "<group>"; };
		3E52AC5115F3EEA000A860C2 /* QMainTabBarController.m */ = {isa = PBXFileReference; fileEncoding = 4; lastKnownFileType = sourcecode.c.objc; path = QMainTabBarController.m; sourceTree = "<group>"; };
		3E52AC5415F3EF7A00A860C2 /* QScanViewController.h */ = {isa = PBXFileReference; fileEncoding = 4; lastKnownFileType = sourcecode.c.h; path = QScanViewController.h; sourceTree = "<group>"; };
		3E52AC5515F3EF7A00A860C2 /* QScanViewController.m */ = {isa = PBXFileReference; fileEncoding = 4; lastKnownFileType = sourcecode.c.objc; path = QScanViewController.m; sourceTree = "<group>"; };
		3E52AC5715F3F28D00A860C2 /* QTakeScanViewController.h */ = {isa = PBXFileReference; fileEncoding = 4; lastKnownFileType = sourcecode.c.h; path = QTakeScanViewController.h; sourceTree = "<group>"; };
		3E52AC5815F3F28D00A860C2 /* QTakeScanViewController.m */ = {isa = PBXFileReference; fileEncoding = 4; lastKnownFileType = sourcecode.c.objc; path = QTakeScanViewController.m; sourceTree = "<group>"; };
		3E52AC5915F3F28D00A860C2 /* QTakeScanViewController.xib */ = {isa = PBXFileReference; fileEncoding = 4; lastKnownFileType = file.xib; path = QTakeScanViewController.xib; sourceTree = "<group>"; };
		3E52AC5C15F3F36300A860C2 /* QPhotoFrame.h */ = {isa = PBXFileReference; fileEncoding = 4; lastKnownFileType = sourcecode.c.h; path = QPhotoFrame.h; sourceTree = "<group>"; };
		3E52AC5D15F3F36300A860C2 /* QPhotoFrame.m */ = {isa = PBXFileReference; fileEncoding = 4; lastKnownFileType = sourcecode.c.objc; path = QPhotoFrame.m; sourceTree = "<group>"; };
		3E52AC5F15F4079600A860C2 /* CoreMedia.framework */ = {isa = PBXFileReference; lastKnownFileType = wrapper.framework; name = CoreMedia.framework; path = System/Library/Frameworks/CoreMedia.framework; sourceTree = SDKROOT; };
		3E52AC6115F407A300A860C2 /* CoreVideo.framework */ = {isa = PBXFileReference; lastKnownFileType = wrapper.framework; name = CoreVideo.framework; path = System/Library/Frameworks/CoreVideo.framework; sourceTree = SDKROOT; };
		3E52AC6315F407AD00A860C2 /* AVFoundation.framework */ = {isa = PBXFileReference; lastKnownFileType = wrapper.framework; name = AVFoundation.framework; path = System/Library/Frameworks/AVFoundation.framework; sourceTree = SDKROOT; };
		3EFF97C315F76D8500CF0B05 /* QFrameButton.h */ = {isa = PBXFileReference; fileEncoding = 4; lastKnownFileType = sourcecode.c.h; path = QFrameButton.h; sourceTree = "<group>"; };
		3EFF97C415F76D8500CF0B05 /* QFrameButton.m */ = {isa = PBXFileReference; fileEncoding = 4; lastKnownFileType = sourcecode.c.objc; path = QFrameButton.m; sourceTree = "<group>"; };
		3EFF97DB15F79EE900CF0B05 /* CFNetwork.framework */ = {isa = PBXFileReference; lastKnownFileType = wrapper.framework; name = CFNetwork.framework; path = System/Library/Frameworks/CFNetwork.framework; sourceTree = SDKROOT; };
		3EFF97DE15F79EF300CF0B05 /* CoreData.framework */ = {isa = PBXFileReference; lastKnownFileType = wrapper.framework; name = CoreData.framework; path = System/Library/Frameworks/CoreData.framework; sourceTree = SDKROOT; };
		3EFF97E015F79EFB00CF0B05 /* libxml2.dylib */ = {isa = PBXFileReference; lastKnownFileType = "compiled.mach-o.dylib"; name = libxml2.dylib; path = usr/lib/libxml2.dylib; sourceTree = SDKROOT; };
		3EFF97E215F79F0400CF0B05 /* MobileCoreServices.framework */ = {isa = PBXFileReference; lastKnownFileType = wrapper.framework; name = MobileCoreServices.framework; path = System/Library/Frameworks/MobileCoreServices.framework; sourceTree = SDKROOT; };
		3EFF97E415F79F1900CF0B05 /* QuartzCore.framework */ = {isa = PBXFileReference; lastKnownFileType = wrapper.framework; name = QuartzCore.framework; path = System/Library/Frameworks/QuartzCore.framework; sourceTree = SDKROOT; };
		3EFF97E615F79F2200CF0B05 /* SystemConfiguration.framework */ = {isa = PBXFileReference; lastKnownFileType = wrapper.framework; name = SystemConfiguration.framework; path = System/Library/Frameworks/SystemConfiguration.framework; sourceTree = SDKROOT; };
		3EFF97E815F79F2D00CF0B05 /* Security.framework */ = {isa = PBXFileReference; lastKnownFileType = wrapper.framework; name = Security.framework; path = System/Library/Frameworks/Security.framework; sourceTree = SDKROOT; };
		3EFF97EB15F7A01B00CF0B05 /* QRequest.h */ = {isa = PBXFileReference; fileEncoding = 4; lastKnownFileType = sourcecode.c.h; path = QRequest.h; sourceTree = "<group>"; };
		3EFF97EC15F7A01B00CF0B05 /* QRequest.m */ = {isa = PBXFileReference; fileEncoding = 4; lastKnownFileType = sourcecode.c.objc; path = QRequest.m; sourceTree = "<group>"; };
		3EFF97F615F7C15B00CF0B05 /* 33.png */ = {isa = PBXFileReference; lastKnownFileType = image.png; path = 33.png; sourceTree = "<group>"; };
		4477136C0224470C91DA7A61 /* Pods.xcconfig */ = {isa = PBXFileReference; includeInIndex = 1; lastKnownFileType = text.xcconfig; name = Pods.xcconfig; path = Pods/Pods.xcconfig; sourceTree = SOURCE_ROOT; };
		EAB8C5E8520B44BCB556AC3E /* libPods.a */ = {isa = PBXFileReference; explicitFileType = archive.ar; includeInIndex = 0; path = libPods.a; sourceTree = BUILT_PRODUCTS_DIR; };
/* End PBXFileReference section */

/* Begin PBXFrameworksBuildPhase section */
		3E52AC1E15F3E03100A860C2 /* Frameworks */ = {
			isa = PBXFrameworksBuildPhase;
			buildActionMask = 2147483647;
			files = (
				3EFF97E915F79F2D00CF0B05 /* Security.framework in Frameworks */,
				3EFF97E715F79F2200CF0B05 /* SystemConfiguration.framework in Frameworks */,
				3EFF97E515F79F1900CF0B05 /* QuartzCore.framework in Frameworks */,
				3EFF97E315F79F0400CF0B05 /* MobileCoreServices.framework in Frameworks */,
				3EFF97E115F79EFB00CF0B05 /* libxml2.dylib in Frameworks */,
				3EFF97DF15F79EF300CF0B05 /* CoreData.framework in Frameworks */,
				3EFF97DC15F79EE900CF0B05 /* CFNetwork.framework in Frameworks */,
				3E52AC6415F407AD00A860C2 /* AVFoundation.framework in Frameworks */,
				3E52AC6215F407A300A860C2 /* CoreVideo.framework in Frameworks */,
				3E52AC6015F4079700A860C2 /* CoreMedia.framework in Frameworks */,
				3E52AC2615F3E03100A860C2 /* UIKit.framework in Frameworks */,
				3E52AC2815F3E03100A860C2 /* Foundation.framework in Frameworks */,
				3E52AC2A15F3E03100A860C2 /* CoreGraphics.framework in Frameworks */,
				93E2F9A1F68049FB8E0E2FB4 /* libPods.a in Frameworks */,
			);
			runOnlyForDeploymentPostprocessing = 0;
		};
/* End PBXFrameworksBuildPhase section */

/* Begin PBXGroup section */
		3E52AC1615F3E03100A860C2 = {
			isa = PBXGroup;
			children = (
				3EFF97F515F7C15B00CF0B05 /* Resources */,
				3E52AC2B15F3E03100A860C2 /* Medicus */,
				3E52AC2415F3E03100A860C2 /* Frameworks */,
				3E52AC2215F3E03100A860C2 /* Products */,
				4477136C0224470C91DA7A61 /* Pods.xcconfig */,
			);
			sourceTree = "<group>";
		};
		3E52AC2215F3E03100A860C2 /* Products */ = {
			isa = PBXGroup;
			children = (
				3E52AC2115F3E03100A860C2 /* Medicus.app */,
			);
			name = Products;
			sourceTree = "<group>";
		};
		3E52AC2415F3E03100A860C2 /* Frameworks */ = {
			isa = PBXGroup;
			children = (
				3EFF97E815F79F2D00CF0B05 /* Security.framework */,
				3EFF97E615F79F2200CF0B05 /* SystemConfiguration.framework */,
				3EFF97E415F79F1900CF0B05 /* QuartzCore.framework */,
				3EFF97E215F79F0400CF0B05 /* MobileCoreServices.framework */,
				3EFF97DE15F79EF300CF0B05 /* CoreData.framework */,
				3EFF97DB15F79EE900CF0B05 /* CFNetwork.framework */,
				3E52AC6315F407AD00A860C2 /* AVFoundation.framework */,
				3E52AC6115F407A300A860C2 /* CoreVideo.framework */,
				3E52AC5F15F4079600A860C2 /* CoreMedia.framework */,
				3E52AC2515F3E03100A860C2 /* UIKit.framework */,
				3E52AC2715F3E03100A860C2 /* Foundation.framework */,
				3E52AC2915F3E03100A860C2 /* CoreGraphics.framework */,
				3EFF97E015F79EFB00CF0B05 /* libxml2.dylib */,
				EAB8C5E8520B44BCB556AC3E /* libPods.a */,
			);
			name = Frameworks;
			sourceTree = "<group>";
		};
		3E52AC2B15F3E03100A860C2 /* Medicus */ = {
			isa = PBXGroup;
			children = (
				3EFF97EA15F7A01B00CF0B05 /* Network */,
				3EFF97C315F76D8500CF0B05 /* QFrameButton.h */,
				3EFF97C415F76D8500CF0B05 /* QFrameButton.m */,
				3E52AC5C15F3F36300A860C2 /* QPhotoFrame.h */,
				3E52AC5D15F3F36300A860C2 /* QPhotoFrame.m */,
				3E52AC5715F3F28D00A860C2 /* QTakeScanViewController.h */,
				3E52AC5815F3F28D00A860C2 /* QTakeScanViewController.m */,
				3E52AC5915F3F28D00A860C2 /* QTakeScanViewController.xib */,
				3E52AC5415F3EF7A00A860C2 /* QScanViewController.h */,
				3E52AC5515F3EF7A00A860C2 /* QScanViewController.m */,
				3E52AC5015F3EEA000A860C2 /* QMainTabBarController.h */,
				3E52AC5115F3EEA000A860C2 /* QMainTabBarController.m */,
				3E52AC3415F3E03100A860C2 /* QAppDelegate.h */,
				3E52AC3515F3E03100A860C2 /* QAppDelegate.m */,
				3E52AC3715F3E03100A860C2 /* MainStoryboard.storyboard */,
				3E52AC3A15F3E03100A860C2 /* QViewController.h */,
				3E52AC3B15F3E03100A860C2 /* QViewController.m */,
				3E52AC2C15F3E03100A860C2 /* Supporting Files */,
			);
			path = Medicus;
			sourceTree = "<group>";
		};
		3E52AC2C15F3E03100A860C2 /* Supporting Files */ = {
			isa = PBXGroup;
			children = (
				3E52AC2D15F3E03100A860C2 /* Medicus-Info.plist */,
				3E52AC2E15F3E03100A860C2 /* InfoPlist.strings */,
				3E52AC3115F3E03100A860C2 /* main.m */,
				3E52AC3315F3E03100A860C2 /* Medicus-Prefix.pch */,
			);
			name = "Supporting Files";
			sourceTree = "<group>";
		};
		3EFF97EA15F7A01B00CF0B05 /* Network */ = {
			isa = PBXGroup;
			children = (
				3EFF97EB15F7A01B00CF0B05 /* QRequest.h */,
				3EFF97EC15F7A01B00CF0B05 /* QRequest.m */,
			);
			path = Network;
			sourceTree = "<group>";
		};
		3EFF97F515F7C15B00CF0B05 /* Resources */ = {
			isa = PBXGroup;
			children = (
				3EFF97F615F7C15B00CF0B05 /* 33.png */,
			);
			path = Resources;
			sourceTree = "<group>";
		};
/* End PBXGroup section */

/* Begin PBXNativeTarget section */
		3E52AC2015F3E03100A860C2 /* Medicus */ = {
			isa = PBXNativeTarget;
			buildConfigurationList = 3E52AC3F15F3E03100A860C2 /* Build configuration list for PBXNativeTarget "Medicus" */;
			buildPhases = (
				3E52AC1D15F3E03100A860C2 /* Sources */,
				3E52AC1E15F3E03100A860C2 /* Frameworks */,
				3E52AC1F15F3E03100A860C2 /* Resources */,
				6685044BF9624BC58F84A612 /* Copy Pods Resources */,
			);
			buildRules = (
			);
			dependencies = (
			);
			name = Medicus;
			productName = Medicus;
			productReference = 3E52AC2115F3E03100A860C2 /* Medicus.app */;
			productType = "com.apple.product-type.application";
		};
/* End PBXNativeTarget section */

/* Begin PBXProject section */
		3E52AC1815F3E03100A860C2 /* Project object */ = {
			isa = PBXProject;
			attributes = {
				CLASSPREFIX = Q;
				LastUpgradeCheck = 0440;
				ORGANIZATIONNAME = mozido;
			};
			buildConfigurationList = 3E52AC1B15F3E03100A860C2 /* Build configuration list for PBXProject "Medicus" */;
			compatibilityVersion = "Xcode 3.2";
			developmentRegion = English;
			hasScannedForEncodings = 0;
			knownRegions = (
				en,
			);
			mainGroup = 3E52AC1615F3E03100A860C2;
			productRefGroup = 3E52AC2215F3E03100A860C2 /* Products */;
			projectDirPath = "";
			projectRoot = "";
			targets = (
				3E52AC2015F3E03100A860C2 /* Medicus */,
			);
		};
/* End PBXProject section */

/* Begin PBXResourcesBuildPhase section */
		3E52AC1F15F3E03100A860C2 /* Resources */ = {
			isa = PBXResourcesBuildPhase;
			buildActionMask = 2147483647;
			files = (
				3E52AC3015F3E03100A860C2 /* InfoPlist.strings in Resources */,
				3E52AC3915F3E03100A860C2 /* MainStoryboard.storyboard in Resources */,
				3E52AC5B15F3F28D00A860C2 /* QTakeScanViewController.xib in Resources */,
				3EFF97F715F7C15B00CF0B05 /* 33.png in Resources */,
			);
			runOnlyForDeploymentPostprocessing = 0;
		};
/* End PBXResourcesBuildPhase section */

/* Begin PBXShellScriptBuildPhase section */
		6685044BF9624BC58F84A612 /* Copy Pods Resources */ = {
			isa = PBXShellScriptBuildPhase;
			buildActionMask = 2147483647;
			files = (
			);
			inputPaths = (
			);
			name = "Copy Pods Resources";
			outputPaths = (
			);
			runOnlyForDeploymentPostprocessing = 0;
			shellPath = /bin/sh;
			shellScript = "\"${SRCROOT}/Pods/Pods-resources.sh\"\n";
		};
/* End PBXShellScriptBuildPhase section */

/* Begin PBXSourcesBuildPhase section */
		3E52AC1D15F3E03100A860C2 /* Sources */ = {
			isa = PBXSourcesBuildPhase;
			buildActionMask = 2147483647;
			files = (
				3E52AC3215F3E03100A860C2 /* main.m in Sources */,
				3E52AC3615F3E03100A860C2 /* QAppDelegate.m in Sources */,
				3E52AC3C15F3E03100A860C2 /* QViewController.m in Sources */,
				3E52AC5215F3EEA000A860C2 /* QMainTabBarController.m in Sources */,
				3E52AC5615F3EF7A00A860C2 /* QScanViewController.m in Sources */,
				3E52AC5A15F3F28D00A860C2 /* QTakeScanViewController.m in Sources */,
				3E52AC5E15F3F36400A860C2 /* QPhotoFrame.m in Sources */,
				3EFF97C515F76D8500CF0B05 /* QFrameButton.m in Sources */,
				3EFF97ED15F7A01B00CF0B05 /* QRequest.m in Sources */,
			);
			runOnlyForDeploymentPostprocessing = 0;
		};
/* End PBXSourcesBuildPhase section */

/* Begin PBXVariantGroup section */
		3E52AC2E15F3E03100A860C2 /* InfoPlist.strings */ = {
			isa = PBXVariantGroup;
			children = (
				3E52AC2F15F3E03100A860C2 /* en */,
			);
			name = InfoPlist.strings;
			sourceTree = "<group>";
		};
		3E52AC3715F3E03100A860C2 /* MainStoryboard.storyboard */ = {
			isa = PBXVariantGroup;
			children = (
				3E52AC3815F3E03100A860C2 /* en */,
			);
			name = MainStoryboard.storyboard;
			sourceTree = "<group>";
		};
/* End PBXVariantGroup section */

/* Begin XCBuildConfiguration section */
		3E52AC3D15F3E03100A860C2 /* Debug */ = {
			isa = XCBuildConfiguration;
			buildSettings = {
				ALWAYS_SEARCH_USER_PATHS = NO;
				ARCHS = "$(ARCHS_STANDARD_32_BIT)";
				CLANG_CXX_LANGUAGE_STANDARD = "gnu++0x";
				CLANG_ENABLE_OBJC_ARC = YES;
				CLANG_WARN__DUPLICATE_METHOD_MATCH = YES;
				"CODE_SIGN_IDENTITY[sdk=iphoneos*]" = "iPhone Developer";
				COPY_PHASE_STRIP = NO;
				GCC_C_LANGUAGE_STANDARD = gnu99;
				GCC_DYNAMIC_NO_PIC = NO;
				GCC_OPTIMIZATION_LEVEL = 0;
				GCC_PREPROCESSOR_DEFINITIONS = (
					"DEBUG=1",
					"$(inherited)",
				);
				GCC_SYMBOLS_PRIVATE_EXTERN = NO;
				GCC_VERSION = com.apple.compilers.llvm.clang.1_0;
				GCC_WARN_ABOUT_RETURN_TYPE = YES;
				GCC_WARN_UNINITIALIZED_AUTOS = YES;
				GCC_WARN_UNUSED_VARIABLE = YES;
				IPHONEOS_DEPLOYMENT_TARGET = 5.1;
				SDKROOT = iphoneos;
			};
			name = Debug;
		};
		3E52AC3E15F3E03100A860C2 /* Release */ = {
			isa = XCBuildConfiguration;
			buildSettings = {
				ALWAYS_SEARCH_USER_PATHS = NO;
				ARCHS = "$(ARCHS_STANDARD_32_BIT)";
				CLANG_CXX_LANGUAGE_STANDARD = "gnu++0x";
				CLANG_ENABLE_OBJC_ARC = YES;
				CLANG_WARN__DUPLICATE_METHOD_MATCH = YES;
				"CODE_SIGN_IDENTITY[sdk=iphoneos*]" = "iPhone Developer";
				COPY_PHASE_STRIP = YES;
				GCC_C_LANGUAGE_STANDARD = gnu99;
				GCC_VERSION = com.apple.compilers.llvm.clang.1_0;
				GCC_WARN_ABOUT_RETURN_TYPE = YES;
				GCC_WARN_UNINITIALIZED_AUTOS = YES;
				GCC_WARN_UNUSED_VARIABLE = YES;
				IPHONEOS_DEPLOYMENT_TARGET = 5.1;
				OTHER_CFLAGS = "-DNS_BLOCK_ASSERTIONS=1";
				SDKROOT = iphoneos;
				VALIDATE_PRODUCT = YES;
			};
			name = Release;
		};
		3E52AC4015F3E03100A860C2 /* Debug */ = {
			isa = XCBuildConfiguration;
			baseConfigurationReference = 4477136C0224470C91DA7A61 /* Pods.xcconfig */;
			buildSettings = {
				GCC_PRECOMPILE_PREFIX_HEADER = YES;
				GCC_PREFIX_HEADER = "Medicus/Medicus-Prefix.pch";
				INFOPLIST_FILE = "Medicus/Medicus-Info.plist";
				PRODUCT_NAME = "$(TARGET_NAME)";
				WRAPPER_EXTENSION = app;
			};
			name = Debug;
		};
		3E52AC4115F3E03100A860C2 /* Release */ = {
			isa = XCBuildConfiguration;
			baseConfigurationReference = 4477136C0224470C91DA7A61 /* Pods.xcconfig */;
			buildSettings = {
				GCC_PRECOMPILE_PREFIX_HEADER = YES;
				GCC_PREFIX_HEADER = "Medicus/Medicus-Prefix.pch";
				INFOPLIST_FILE = "Medicus/Medicus-Info.plist";
				PRODUCT_NAME = "$(TARGET_NAME)";
				WRAPPER_EXTENSION = app;
			};
			name = Release;
		};
/* End XCBuildConfiguration section */

/* Begin XCConfigurationList section */
		3E52AC1B15F3E03100A860C2 /* Build configuration list for PBXProject "Medicus" */ = {
			isa = XCConfigurationList;
			buildConfigurations = (
				3E52AC3D15F3E03100A860C2 /* Debug */,
				3E52AC3E15F3E03100A860C2 /* Release */,
			);
			defaultConfigurationIsVisible = 0;
			defaultConfigurationName = Release;
		};
		3E52AC3F15F3E03100A860C2 /* Build configuration list for PBXNativeTarget "Medicus" */ = {
			isa = XCConfigurationList;
			buildConfigurations = (
				3E52AC4015F3E03100A860C2 /* Debug */,
				3E52AC4115F3E03100A860C2 /* Release */,
			);
			defaultConfigurationIsVisible = 0;
			defaultConfigurationName = Release;
		};
/* End XCConfigurationList section */
	};
	rootObject = 3E52AC1815F3E03100A860C2 /* Project object */;
}
